<Solution>
  <Folder Name="/Solution Items/">
    <File Path=".github/copilot-instructions.md" />
    <File Path=".github/prompts/add-backend-feature.prompt.md" />
    <File Path=".github/prompts/add-frontend-feature.prompt.md" />
    <File Path=".github/prompts/add-tests.prompt.md" />
    <File Path=".gitignore" />
  </Folder>
  <Project Path="familytreeapp.client/familytreeapp.client.esproj">
    <Build />
    <Deploy />
  </Project>
  <Project Path="FamilyTreeApp.DbSetup/FamilyTreeApp.DbSetup.csproj" />
  <Project Path="FamilyTreeApp.Server.Tests/FamilyTreeApp.Server.Tests.csproj" />
  <Project Path="FamilyTreeApp.Server/FamilyTreeApp.Server.csproj" />
</Solution>
